
Microsoft Visual Studio Solution File, Format Version 12.00
# Visual Studio Version 17
VisualStudioVersion = 17.9.34902.65
MinimumVisualStudioVersion = 10.0.40219.1
Project("{2150E333-8FDC-42A3-9474-1A3956D46DE8}") = "Src", "Src", "{82A082BF-CEDE-47CA-9868-0F6A70EA9E88}"
EndProject
Project("{2150E333-8FDC-42A3-9474-1A3956D46DE8}") = "Test", "Test", "{7A54E3B9-9ECB-4EEB-87C2-C3F6FA06736C}"
EndProject
Project("{2150E333-8FDC-42A3-9474-1A3956D46DE8}") = "00.package", "00.package", "{952CE343-C331-45DF-86C3-3EADF694FAFD}"
EndProject
Project("{2150E333-8FDC-42A3-9474-1A3956D46DE8}") = "01.Core", "01.Core", "{DDBDD274-8566-4E49-A3E4-EB302CF441C7}"
EndProject
Project("{2150E333-8FDC-42A3-9474-1A3956D46DE8}") = "02.Instructure", "02.Instructure", "{CDF0341F-C5B5-45EF-9A83-4F20AB12C3D5}"
EndProject
Project("{2150E333-8FDC-42A3-9474-1A3956D46DE8}") = "03.Persistention", "03.Persistention", "{DB341E10-DE94-4A32-A6E9-5ABABA8AB476}"
EndProject
Project("{FAE04EC0-301F-11D3-BF4B-00C04F79EFBC}") = "News.Entitis", "News.Entitis\News.Entitis.csproj", "{DCD1FA3C-B31D-47D5-AD47-904A7770C222}"
EndProject
Project("{FAE04EC0-301F-11D3-BF4B-00C04F79EFBC}") = "News.persistence.EF", "restaurants.persistence.EF\News.persistence.EF.csproj", "{AF66FEDA-1E1A-4A0B-ADF5-946E815C8A32}"
EndProject
Project("{FAE04EC0-301F-11D3-BF4B-00C04F79EFBC}") = "News.migrations", "News.migrations\News.migrations.csproj", "{7544509B-29A4-4363-8A82-FAD942672B43}"
EndProject
Project("{FAE04EC0-301F-11D3-BF4B-00C04F79EFBC}") = "News.RestApi", "News.RestApi\News.RestApi.csproj", "{629AE351-0988-4592-AA82-785DF2392CBC}"
EndProject
Project("{FAE04EC0-301F-11D3-BF4B-00C04F79EFBC}") = "News.Services", "News.Services\News.Services.csproj", "{E0D597F7-0B40-46DB-B887-CA6169B18498}"
EndProject
Project("{FAE04EC0-301F-11D3-BF4B-00C04F79EFBC}") = "News.Contracts", "News.Contracts\News.Contracts.csproj", "{016BE7D7-FB2B-4FD0-857A-CB4C96E3BF54}"
EndProject
Project("{FAE04EC0-301F-11D3-BF4B-00C04F79EFBC}") = "NewsUnitTest", "NewsUnitTest\NewsUnitTest.csproj", "{F937D9B9-1D65-418C-B309-D5A3C75D2A9E}"
EndProject
Project("{FAE04EC0-301F-11D3-BF4B-00C04F79EFBC}") = "Newstests.Tools", "Newstests.Tools\Newstests.Tools.csproj", "{FF5D3704-2D71-4F23-8AA5-7C5DCCA50291}"
EndProject
Global
	GlobalSection(SolutionConfigurationPlatforms) = preSolution
		Debug|Any CPU = Debug|Any CPU
		Release|Any CPU = Release|Any CPU
	EndGlobalSection
	GlobalSection(ProjectConfigurationPlatforms) = postSolution
		{DCD1FA3C-B31D-47D5-AD47-904A7770C222}.Debug|Any CPU.ActiveCfg = Debug|Any CPU
		{DCD1FA3C-B31D-47D5-AD47-904A7770C222}.Debug|Any CPU.Build.0 = Debug|Any CPU
		{DCD1FA3C-B31D-47D5-AD47-904A7770C222}.Release|Any CPU.ActiveCfg = Release|Any CPU
		{DCD1FA3C-B31D-47D5-AD47-904A7770C222}.Release|Any CPU.Build.0 = Release|Any CPU
		{AF66FEDA-1E1A-4A0B-ADF5-946E815C8A32}.Debug|Any CPU.ActiveCfg = Debug|Any CPU
		{AF66FEDA-1E1A-4A0B-ADF5-946E815C8A32}.Debug|Any CPU.Build.0 = Debug|Any CPU
		{AF66FEDA-1E1A-4A0B-ADF5-946E815C8A32}.Release|Any CPU.ActiveCfg = Release|Any CPU
		{AF66FEDA-1E1A-4A0B-ADF5-946E815C8A32}.Release|Any CPU.Build.0 = Release|Any CPU
		{7544509B-29A4-4363-8A82-FAD942672B43}.Debug|Any CPU.ActiveCfg = Debug|Any CPU
		{7544509B-29A4-4363-8A82-FAD942672B43}.Debug|Any CPU.Build.0 = Debug|Any CPU
		{7544509B-29A4-4363-8A82-FAD942672B43}.Release|Any CPU.ActiveCfg = Release|Any CPU
		{7544509B-29A4-4363-8A82-FAD942672B43}.Release|Any CPU.Build.0 = Release|Any CPU
		{629AE351-0988-4592-AA82-785DF2392CBC}.Debug|Any CPU.ActiveCfg = Debug|Any CPU
		{629AE351-0988-4592-AA82-785DF2392CBC}.Debug|Any CPU.Build.0 = Debug|Any CPU
		{629AE351-0988-4592-AA82-785DF2392CBC}.Release|Any CPU.ActiveCfg = Release|Any CPU
		{629AE351-0988-4592-AA82-785DF2392CBC}.Release|Any CPU.Build.0 = Release|Any CPU
		{E0D597F7-0B40-46DB-B887-CA6169B18498}.Debug|Any CPU.ActiveCfg = Debug|Any CPU
		{E0D597F7-0B40-46DB-B887-CA6169B18498}.Debug|Any CPU.Build.0 = Debug|Any CPU
		{E0D597F7-0B40-46DB-B887-CA6169B18498}.Release|Any CPU.ActiveCfg = Release|Any CPU
		{E0D597F7-0B40-46DB-B887-CA6169B18498}.Release|Any CPU.Build.0 = Release|Any CPU
		{016BE7D7-FB2B-4FD0-857A-CB4C96E3BF54}.Debug|Any CPU.ActiveCfg = Debug|Any CPU
		{016BE7D7-FB2B-4FD0-857A-CB4C96E3BF54}.Debug|Any CPU.Build.0 = Debug|Any CPU
		{016BE7D7-FB2B-4FD0-857A-CB4C96E3BF54}.Release|Any CPU.ActiveCfg = Release|Any CPU
		{016BE7D7-FB2B-4FD0-857A-CB4C96E3BF54}.Release|Any CPU.Build.0 = Release|Any CPU
		{F937D9B9-1D65-418C-B309-D5A3C75D2A9E}.Debug|Any CPU.ActiveCfg = Debug|Any CPU
		{F937D9B9-1D65-418C-B309-D5A3C75D2A9E}.Debug|Any CPU.Build.0 = Debug|Any CPU
		{F937D9B9-1D65-418C-B309-D5A3C75D2A9E}.Release|Any CPU.ActiveCfg = Release|Any CPU
		{F937D9B9-1D65-418C-B309-D5A3C75D2A9E}.Release|Any CPU.Build.0 = Release|Any CPU
		{FF5D3704-2D71-4F23-8AA5-7C5DCCA50291}.Debug|Any CPU.ActiveCfg = Debug|Any CPU
		{FF5D3704-2D71-4F23-8AA5-7C5DCCA50291}.Debug|Any CPU.Build.0 = Debug|Any CPU
		{FF5D3704-2D71-4F23-8AA5-7C5DCCA50291}.Release|Any CPU.ActiveCfg = Release|Any CPU
		{FF5D3704-2D71-4F23-8AA5-7C5DCCA50291}.Release|Any CPU.Build.0 = Release|Any CPU
	EndGlobalSection
	GlobalSection(SolutionProperties) = preSolution
		HideSolutionNode = FALSE
	EndGlobalSection
	GlobalSection(NestedProjects) = preSolution
		{952CE343-C331-45DF-86C3-3EADF694FAFD} = {82A082BF-CEDE-47CA-9868-0F6A70EA9E88}
		{DDBDD274-8566-4E49-A3E4-EB302CF441C7} = {82A082BF-CEDE-47CA-9868-0F6A70EA9E88}
		{CDF0341F-C5B5-45EF-9A83-4F20AB12C3D5} = {82A082BF-CEDE-47CA-9868-0F6A70EA9E88}
		{DB341E10-DE94-4A32-A6E9-5ABABA8AB476} = {82A082BF-CEDE-47CA-9868-0F6A70EA9E88}
		{DCD1FA3C-B31D-47D5-AD47-904A7770C222} = {DDBDD274-8566-4E49-A3E4-EB302CF441C7}
		{AF66FEDA-1E1A-4A0B-ADF5-946E815C8A32} = {CDF0341F-C5B5-45EF-9A83-4F20AB12C3D5}
		{7544509B-29A4-4363-8A82-FAD942672B43} = {CDF0341F-C5B5-45EF-9A83-4F20AB12C3D5}
		{629AE351-0988-4592-AA82-785DF2392CBC} = {DB341E10-DE94-4A32-A6E9-5ABABA8AB476}
		{E0D597F7-0B40-46DB-B887-CA6169B18498} = {DDBDD274-8566-4E49-A3E4-EB302CF441C7}
		{016BE7D7-FB2B-4FD0-857A-CB4C96E3BF54} = {952CE343-C331-45DF-86C3-3EADF694FAFD}
		{F937D9B9-1D65-418C-B309-D5A3C75D2A9E} = {7A54E3B9-9ECB-4EEB-87C2-C3F6FA06736C}
		{FF5D3704-2D71-4F23-8AA5-7C5DCCA50291} = {7A54E3B9-9ECB-4EEB-87C2-C3F6FA06736C}
	EndGlobalSection
	GlobalSection(ExtensibilityGlobals) = postSolution
		SolutionGuid = {888DEF05-DE03-45E5-B756-019DFDEFD302}
	EndGlobalSection
EndGlobal
